# THIS IS AN AUTOGENERATED FILE. DO NOT EDIT THIS FILE DIRECTLY.
# yarn lockfile v1


css-paint-polyfill@^3.4.0:
  version "3.4.0"
  resolved "https://registry.yarnpkg.com/css-paint-polyfill/-/css-paint-polyfill-3.4.0.tgz#2e7dd83c9f6a4a39c19dd38454111d1f8c340021"
  integrity sha512-B89ymLgMZie41d+QrD//5RWnwykvru5H9Yzd/MMJIgPdVsKB7t4lxuhIAyzy5FnoUbb0MztagNVRe9dI7kMbiA==
